// !$*UTF8*$!
{
	archiveVersion = 1;
	classes = {
	};
	objectVersion = 55;
	objects = {

/* Begin PBXBuildFile section */
		A85AEEB32805A6CE009EB14E /* DetailView.swift in Sources */ = {isa = PBXBuildFile; fileRef = A85AEEB22805A6CE009EB14E /* DetailView.swift */; };
		A85AEEB52805A74A009EB14E /* View Extensions.swift in Sources */ = {isa = PBXBuildFile; fileRef = A85AEEB42805A74A009EB14E /* View Extensions.swift */; };
		A86BD2E72809A22800FB3102 /* FavouriteTrees.swift in Sources */ = {isa = PBXBuildFile; fileRef = A86BD2E62809A22800FB3102 /* FavouriteTrees.swift */; };
		A86BD2E92809B27000FB3102 /* ListItem.swift in Sources */ = {isa = PBXBuildFile; fileRef = A86BD2E82809B27000FB3102 /* ListItem.swift */; };
		A8A2C6002808114000431AFE /* AirQuality.swift in Sources */ = {isa = PBXBuildFile; fileRef = A8A2C5FF2808114000431AFE /* AirQuality.swift */; };
		A8A2C60228085E1B00431AFE /* AirQualityView.swift in Sources */ = {isa = PBXBuildFile; fileRef = A8A2C60128085E1B00431AFE /* AirQualityView.swift */; };
		A8C7F0D428113FD8009E87C8 /* WeatherView.swift in Sources */ = {isa = PBXBuildFile; fileRef = A8C7F0D328113FD8009E87C8 /* WeatherView.swift */; };
		A8C7F0D628114F80009E87C8 /* Network Generics.swift in Sources */ = {isa = PBXBuildFile; fileRef = A8C7F0D528114F80009E87C8 /* Network Generics.swift */; };
		A8D58E2C2805814A009C3705 /* Localizable.stringsdict in Resources */ = {isa = PBXBuildFile; fileRef = A8D58E2E2805814A009C3705 /* Localizable.stringsdict */; };
		A8E2D0982800626E0088CFDD /* TreeOPApp.swift in Sources */ = {isa = PBXBuildFile; fileRef = A8E2D0972800626E0088CFDD /* TreeOPApp.swift */; };
		A8E2D09A2800626E0088CFDD /* ListView.swift in Sources */ = {isa = PBXBuildFile; fileRef = A8E2D0992800626E0088CFDD /* ListView.swift */; };
		A8E2D09C2800626F0088CFDD /* Assets.xcassets in Resources */ = {isa = PBXBuildFile; fileRef = A8E2D09B2800626F0088CFDD /* Assets.xcassets */; };
		A8E2D09F2800626F0088CFDD /* Preview Assets.xcassets in Resources */ = {isa = PBXBuildFile; fileRef = A8E2D09E2800626F0088CFDD /* Preview Assets.xcassets */; };
		A8E2D0A92800626F0088CFDD /* TreeOPTests.swift in Sources */ = {isa = PBXBuildFile; fileRef = A8E2D0A82800626F0088CFDD /* TreeOPTests.swift */; };
		A8E2D0B32800626F0088CFDD /* TreeOPUITests.swift in Sources */ = {isa = PBXBuildFile; fileRef = A8E2D0B22800626F0088CFDD /* TreeOPUITests.swift */; };
		A8E2D0B52800626F0088CFDD /* TreeOPUITestsLaunchTests.swift in Sources */ = {isa = PBXBuildFile; fileRef = A8E2D0B42800626F0088CFDD /* TreeOPUITestsLaunchTests.swift */; };
		A8E2D0C7280064C40088CFDD /* Tree.swift in Sources */ = {isa = PBXBuildFile; fileRef = A8E2D0C6280064C40088CFDD /* Tree.swift */; };
		A8E2D0CB280068BC0088CFDD /* ParisOpenDataAPI.swift in Sources */ = {isa = PBXBuildFile; fileRef = A8E2D0CA280068BC0088CFDD /* ParisOpenDataAPI.swift */; };
		A8E2D0CD28006D270088CFDD /* Constants.swift in Sources */ = {isa = PBXBuildFile; fileRef = A8E2D0CC28006D270088CFDD /* Constants.swift */; };
		A8E2D0CF28008A100088CFDD /* ListViewModel.swift in Sources */ = {isa = PBXBuildFile; fileRef = A8E2D0CE28008A100088CFDD /* ListViewModel.swift */; };
		A8F3FF3C2805CA410090B3B5 /* DetailViewModel.swift in Sources */ = {isa = PBXBuildFile; fileRef = A8F3FF3B2805CA410090B3B5 /* DetailViewModel.swift */; };
		A8F3FF43280807BC0090B3B5 /* InfosView.swift in Sources */ = {isa = PBXBuildFile; fileRef = A8F3FF42280807BC0090B3B5 /* InfosView.swift */; };
		A8F3FF45280807CB0090B3B5 /* InfosViewModel.swift in Sources */ = {isa = PBXBuildFile; fileRef = A8F3FF44280807CB0090B3B5 /* InfosViewModel.swift */; };
		A8F3FF47280808EE0090B3B5 /* WeatherAPI.swift in Sources */ = {isa = PBXBuildFile; fileRef = A8F3FF46280808EE0090B3B5 /* WeatherAPI.swift */; };
		A8F3FF49280809980090B3B5 /* Protocols.swift in Sources */ = {isa = PBXBuildFile; fileRef = A8F3FF48280809980090B3B5 /* Protocols.swift */; };
		A8F3FF4B28080BB50090B3B5 /* Weather.swift in Sources */ = {isa = PBXBuildFile; fileRef = A8F3FF4A28080BB50090B3B5 /* Weather.swift */; };
/* End PBXBuildFile section */

/* Begin PBXContainerItemProxy section */
		A8E2D0A52800626F0088CFDD /* PBXContainerItemProxy */ = {
			isa = PBXContainerItemProxy;
			containerPortal = A8E2D08C2800626D0088CFDD /* Project object */;
			proxyType = 1;
			remoteGlobalIDString = A8E2D0932800626E0088CFDD;
			remoteInfo = TreeOP;
		};
		A8E2D0AF2800626F0088CFDD /* PBXContainerItemProxy */ = {
			isa = PBXContainerItemProxy;
			containerPortal = A8E2D08C2800626D0088CFDD /* Project object */;
			proxyType = 1;
			remoteGlobalIDString = A8E2D0932800626E0088CFDD;
			remoteInfo = TreeOP;
		};
/* End PBXContainerItemProxy section */

/* Begin PBXFileReference section */
		A85AEEB22805A6CE009EB14E /* DetailView.swift */ = {isa = PBXFileReference; lastKnownFileType = sourcecode.swift; path = DetailView.swift; sourceTree = "<group>"; };
		A85AEEB42805A74A009EB14E /* View Extensions.swift */ = {isa = PBXFileReference; lastKnownFileType = sourcecode.swift; path = "View Extensions.swift"; sourceTree = "<group>"; };
		A86BD2E62809A22800FB3102 /* FavouriteTrees.swift */ = {isa = PBXFileReference; lastKnownFileType = sourcecode.swift; path = FavouriteTrees.swift; sourceTree = "<group>"; };
		A86BD2E82809B27000FB3102 /* ListItem.swift */ = {isa = PBXFileReference; lastKnownFileType = sourcecode.swift; path = ListItem.swift; sourceTree = "<group>"; };
		A8A2C5FF2808114000431AFE /* AirQuality.swift */ = {isa = PBXFileReference; lastKnownFileType = sourcecode.swift; path = AirQuality.swift; sourceTree = "<group>"; };
		A8A2C60128085E1B00431AFE /* AirQualityView.swift */ = {isa = PBXFileReference; lastKnownFileType = sourcecode.swift; path = AirQualityView.swift; sourceTree = "<group>"; };
		A8C7F0D328113FD8009E87C8 /* WeatherView.swift */ = {isa = PBXFileReference; lastKnownFileType = sourcecode.swift; path = WeatherView.swift; sourceTree = "<group>"; };
		A8C7F0D528114F80009E87C8 /* Network Generics.swift */ = {isa = PBXFileReference; lastKnownFileType = sourcecode.swift; path = "Network Generics.swift"; sourceTree = "<group>"; };
		A8D58E2D2805814A009C3705 /* en */ = {isa = PBXFileReference; lastKnownFileType = text.plist.stringsdict; name = en; path = en.lproj/Localizable.stringsdict; sourceTree = "<group>"; };
		A8D58E2F28058163009C3705 /* fr */ = {isa = PBXFileReference; lastKnownFileType = text.plist.stringsdict; name = fr; path = fr.lproj/Localizable.stringsdict; sourceTree = "<group>"; };
		A8E2D0942800626E0088CFDD /* TreeOP.app */ = {isa = PBXFileReference; explicitFileType = wrapper.application; includeInIndex = 0; path = TreeOP.app; sourceTree = BUILT_PRODUCTS_DIR; };
		A8E2D0972800626E0088CFDD /* TreeOPApp.swift */ = {isa = PBXFileReference; lastKnownFileType = sourcecode.swift; path = TreeOPApp.swift; sourceTree = "<group>"; };
		A8E2D0992800626E0088CFDD /* ListView.swift */ = {isa = PBXFileReference; lastKnownFileType = sourcecode.swift; path = ListView.swift; sourceTree = "<group>"; };
		A8E2D09B2800626F0088CFDD /* Assets.xcassets */ = {isa = PBXFileReference; lastKnownFileType = folder.assetcatalog; path = Assets.xcassets; sourceTree = "<group>"; };
		A8E2D09E2800626F0088CFDD /* Preview Assets.xcassets */ = {isa = PBXFileReference; lastKnownFileType = folder.assetcatalog; path = "Preview Assets.xcassets"; sourceTree = "<group>"; };
		A8E2D0A42800626F0088CFDD /* TreeOPTests.xctest */ = {isa = PBXFileReference; explicitFileType = wrapper.cfbundle; includeInIndex = 0; path = TreeOPTests.xctest; sourceTree = BUILT_PRODUCTS_DIR; };
		A8E2D0A82800626F0088CFDD /* TreeOPTests.swift */ = {isa = PBXFileReference; lastKnownFileType = sourcecode.swift; path = TreeOPTests.swift; sourceTree = "<group>"; };
		A8E2D0AE2800626F0088CFDD /* TreeOPUITests.xctest */ = {isa = PBXFileReference; explicitFileType = wrapper.cfbundle; includeInIndex = 0; path = TreeOPUITests.xctest; sourceTree = BUILT_PRODUCTS_DIR; };
		A8E2D0B22800626F0088CFDD /* TreeOPUITests.swift */ = {isa = PBXFileReference; lastKnownFileType = sourcecode.swift; path = TreeOPUITests.swift; sourceTree = "<group>"; };
		A8E2D0B42800626F0088CFDD /* TreeOPUITestsLaunchTests.swift */ = {isa = PBXFileReference; lastKnownFileType = sourcecode.swift; path = TreeOPUITestsLaunchTests.swift; sourceTree = "<group>"; };
		A8E2D0C6280064C40088CFDD /* Tree.swift */ = {isa = PBXFileReference; lastKnownFileType = sourcecode.swift; path = Tree.swift; sourceTree = "<group>"; };
		A8E2D0CA280068BC0088CFDD /* ParisOpenDataAPI.swift */ = {isa = PBXFileReference; lastKnownFileType = sourcecode.swift; path = ParisOpenDataAPI.swift; sourceTree = "<group>"; };
		A8E2D0CC28006D270088CFDD /* Constants.swift */ = {isa = PBXFileReference; lastKnownFileType = sourcecode.swift; path = Constants.swift; sourceTree = "<group>"; };
		A8E2D0CE28008A100088CFDD /* ListViewModel.swift */ = {isa = PBXFileReference; lastKnownFileType = sourcecode.swift; path = ListViewModel.swift; sourceTree = "<group>"; };
		A8F3FF3B2805CA410090B3B5 /* DetailViewModel.swift */ = {isa = PBXFileReference; lastKnownFileType = sourcecode.swift; path = DetailViewModel.swift; sourceTree = "<group>"; };
		A8F3FF42280807BC0090B3B5 /* InfosView.swift */ = {isa = PBXFileReference; lastKnownFileType = sourcecode.swift; path = InfosView.swift; sourceTree = "<group>"; };
		A8F3FF44280807CB0090B3B5 /* InfosViewModel.swift */ = {isa = PBXFileReference; lastKnownFileType = sourcecode.swift; path = InfosViewModel.swift; sourceTree = "<group>"; };
		A8F3FF46280808EE0090B3B5 /* WeatherAPI.swift */ = {isa = PBXFileReference; lastKnownFileType = sourcecode.swift; path = WeatherAPI.swift; sourceTree = "<group>"; };
		A8F3FF48280809980090B3B5 /* Protocols.swift */ = {isa = PBXFileReference; lastKnownFileType = sourcecode.swift; path = Protocols.swift; sourceTree = "<group>"; };
		A8F3FF4A28080BB50090B3B5 /* Weather.swift */ = {isa = PBXFileReference; lastKnownFileType = sourcecode.swift; path = Weather.swift; sourceTree = "<group>"; };
/* End PBXFileReference section */

/* Begin PBXFrameworksBuildPhase section */
		A8E2D0912800626E0088CFDD /* Frameworks */ = {
			isa = PBXFrameworksBuildPhase;
			buildActionMask = 2147483647;
			files = (
			);
			runOnlyForDeploymentPostprocessing = 0;
		};
		A8E2D0A12800626F0088CFDD /* Frameworks */ = {
			isa = PBXFrameworksBuildPhase;
			buildActionMask = 2147483647;
			files = (
			);
			runOnlyForDeploymentPostprocessing = 0;
		};
		A8E2D0AB2800626F0088CFDD /* Frameworks */ = {
			isa = PBXFrameworksBuildPhase;
			buildActionMask = 2147483647;
			files = (
			);
			runOnlyForDeploymentPostprocessing = 0;
		};
/* End PBXFrameworksBuildPhase section */

/* Begin PBXGroup section */
		A86BD2E52809A20400FB3102 /* Environment Objects */ = {
			isa = PBXGroup;
			children = (
				A86BD2E62809A22800FB3102 /* FavouriteTrees.swift */,
			);
			path = "Environment Objects";
			sourceTree = "<group>";
		};
		A8D58E272805812D009C3705 /* Ressources */ = {
			isa = PBXGroup;
			children = (
				A8D58E2E2805814A009C3705 /* Localizable.stringsdict */,
			);
			name = Ressources;
			path = WebService/Ressources;
			sourceTree = "<group>";
		};
		A8E2D08B2800626D0088CFDD = {
			isa = PBXGroup;
			children = (
				A8E2D0962800626E0088CFDD /* TreeOP */,
				A8E2D0A72800626F0088CFDD /* TreeOPTests */,
				A8E2D0B12800626F0088CFDD /* TreeOPUITests */,
				A8E2D0952800626E0088CFDD /* Products */,
			);
			sourceTree = "<group>";
		};
		A8E2D0952800626E0088CFDD /* Products */ = {
			isa = PBXGroup;
			children = (
				A8E2D0942800626E0088CFDD /* TreeOP.app */,
				A8E2D0A42800626F0088CFDD /* TreeOPTests.xctest */,
				A8E2D0AE2800626F0088CFDD /* TreeOPUITests.xctest */,
			);
			name = Products;
			sourceTree = "<group>";
		};
		A8E2D0962800626E0088CFDD /* TreeOP */ = {
			isa = PBXGroup;
			children = (
				A86BD2E52809A20400FB3102 /* Environment Objects */,
				A8F3FF412808079F0090B3B5 /* Infos */,
				A8F3FF3D2805CB9B0090B3B5 /* List */,
				A8F3FF3E2805CBFF0090B3B5 /* Detail */,
				A8E2D0C1280064030088CFDD /* Models */,
				A8E2D0C2280064090088CFDD /* Common */,
				A8E2D0C82800687D0088CFDD /* WebService */,
				A8D58E272805812D009C3705 /* Ressources */,
				A8E2D09B2800626F0088CFDD /* Assets.xcassets */,
				A8E2D09D2800626F0088CFDD /* Preview Content */,
			);
			path = TreeOP;
			sourceTree = "<group>";
		};
		A8E2D09D2800626F0088CFDD /* Preview Content */ = {
			isa = PBXGroup;
			children = (
				A8E2D09E2800626F0088CFDD /* Preview Assets.xcassets */,
			);
			path = "Preview Content";
			sourceTree = "<group>";
		};
		A8E2D0A72800626F0088CFDD /* TreeOPTests */ = {
			isa = PBXGroup;
			children = (
				A8E2D0A82800626F0088CFDD /* TreeOPTests.swift */,
			);
			path = TreeOPTests;
			sourceTree = "<group>";
		};
		A8E2D0B12800626F0088CFDD /* TreeOPUITests */ = {
			isa = PBXGroup;
			children = (
				A8E2D0B22800626F0088CFDD /* TreeOPUITests.swift */,
				A8E2D0B42800626F0088CFDD /* TreeOPUITestsLaunchTests.swift */,
			);
			path = TreeOPUITests;
			sourceTree = "<group>";
		};
		A8E2D0C1280064030088CFDD /* Models */ = {
			isa = PBXGroup;
			children = (
				A8E2D0C6280064C40088CFDD /* Tree.swift */,
				A8F3FF4A28080BB50090B3B5 /* Weather.swift */,
				A8A2C5FF2808114000431AFE /* AirQuality.swift */,
			);
			path = Models;
			sourceTree = "<group>";
		};
		A8E2D0C2280064090088CFDD /* Common */ = {
			isa = PBXGroup;
			children = (
				A8E2D0972800626E0088CFDD /* TreeOPApp.swift */,
				A8E2D0CC28006D270088CFDD /* Constants.swift */,
				A85AEEB42805A74A009EB14E /* View Extensions.swift */,
			);
			path = Common;
			sourceTree = "<group>";
		};
		A8E2D0C82800687D0088CFDD /* WebService */ = {
			isa = PBXGroup;
			children = (
				A8E2D0CA280068BC0088CFDD /* ParisOpenDataAPI.swift */,
				A8F3FF46280808EE0090B3B5 /* WeatherAPI.swift */,
				A8F3FF48280809980090B3B5 /* Protocols.swift */,
				A8C7F0D528114F80009E87C8 /* Network Generics.swift */,
			);
			path = WebService;
			sourceTree = "<group>";
		};
		A8F3FF3D2805CB9B0090B3B5 /* List */ = {
			isa = PBXGroup;
			children = (
				A8E2D0992800626E0088CFDD /* ListView.swift */,
				A8E2D0CE28008A100088CFDD /* ListViewModel.swift */,
				A86BD2E82809B27000FB3102 /* ListItem.swift */,
			);
			path = List;
			sourceTree = "<group>";
		};
		A8F3FF3E2805CBFF0090B3B5 /* Detail */ = {
			isa = PBXGroup;
			children = (
				A85AEEB22805A6CE009EB14E /* DetailView.swift */,
				A8F3FF3B2805CA410090B3B5 /* DetailViewModel.swift */,
			);
			path = Detail;
			sourceTree = "<group>";
		};
		A8F3FF412808079F0090B3B5 /* Infos */ = {
			isa = PBXGroup;
			children = (
				A8F3FF42280807BC0090B3B5 /* InfosView.swift */,
				A8F3FF44280807CB0090B3B5 /* InfosViewModel.swift */,
				A8A2C60128085E1B00431AFE /* AirQualityView.swift */,
				A8C7F0D328113FD8009E87C8 /* WeatherView.swift */,
			);
			path = Infos;
			sourceTree = "<group>";
		};
/* End PBXGroup section */

/* Begin PBXNativeTarget section */
		A8E2D0932800626E0088CFDD /* TreeOP */ = {
			isa = PBXNativeTarget;
			buildConfigurationList = A8E2D0B82800626F0088CFDD /* Build configuration list for PBXNativeTarget "TreeOP" */;
			buildPhases = (
				A8E2D0902800626E0088CFDD /* Sources */,
				A8E2D0912800626E0088CFDD /* Frameworks */,
				A8E2D0922800626E0088CFDD /* Resources */,
			);
			buildRules = (
			);
			dependencies = (
			);
			name = TreeOP;
			productName = TreeOP;
			productReference = A8E2D0942800626E0088CFDD /* TreeOP.app */;
			productType = "com.apple.product-type.application";
		};
		A8E2D0A32800626F0088CFDD /* TreeOPTests */ = {
			isa = PBXNativeTarget;
			buildConfigurationList = A8E2D0BB2800626F0088CFDD /* Build configuration list for PBXNativeTarget "TreeOPTests" */;
			buildPhases = (
				A8E2D0A02800626F0088CFDD /* Sources */,
				A8E2D0A12800626F0088CFDD /* Frameworks */,
				A8E2D0A22800626F0088CFDD /* Resources */,
			);
			buildRules = (
			);
			dependencies = (
				A8E2D0A62800626F0088CFDD /* PBXTargetDependency */,
			);
			name = TreeOPTests;
			productName = TreeOPTests;
			productReference = A8E2D0A42800626F0088CFDD /* TreeOPTests.xctest */;
			productType = "com.apple.product-type.bundle.unit-test";
		};
		A8E2D0AD2800626F0088CFDD /* TreeOPUITests */ = {
			isa = PBXNativeTarget;
			buildConfigurationList = A8E2D0BE2800626F0088CFDD /* Build configuration list for PBXNativeTarget "TreeOPUITests" */;
			buildPhases = (
				A8E2D0AA2800626F0088CFDD /* Sources */,
				A8E2D0AB2800626F0088CFDD /* Frameworks */,
				A8E2D0AC2800626F0088CFDD /* Resources */,
			);
			buildRules = (
			);
			dependencies = (
				A8E2D0B02800626F0088CFDD /* PBXTargetDependency */,
			);
			name = TreeOPUITests;
			productName = TreeOPUITests;
			productReference = A8E2D0AE2800626F0088CFDD /* TreeOPUITests.xctest */;
			productType = "com.apple.product-type.bundle.ui-testing";
		};
/* End PBXNativeTarget section */

/* Begin PBXProject section */
		A8E2D08C2800626D0088CFDD /* Project object */ = {
			isa = PBXProject;
			attributes = {
				BuildIndependentTargetsInParallel = 1;
				LastSwiftUpdateCheck = 1330;
				LastUpgradeCheck = 1330;
				TargetAttributes = {
					A8E2D0932800626E0088CFDD = {
						CreatedOnToolsVersion = 13.3;
					};
					A8E2D0A32800626F0088CFDD = {
						CreatedOnToolsVersion = 13.3;
						TestTargetID = A8E2D0932800626E0088CFDD;
					};
					A8E2D0AD2800626F0088CFDD = {
						CreatedOnToolsVersion = 13.3;
						TestTargetID = A8E2D0932800626E0088CFDD;
					};
				};
			};
			buildConfigurationList = A8E2D08F2800626D0088CFDD /* Build configuration list for PBXProject "TreeOP" */;
			compatibilityVersion = "Xcode 13.0";
			developmentRegion = en;
			hasScannedForEncodings = 0;
			knownRegions = (
				en,
				Base,
				fr,
			);
			mainGroup = A8E2D08B2800626D0088CFDD;
			productRefGroup = A8E2D0952800626E0088CFDD /* Products */;
			projectDirPath = "";
			projectRoot = "";
			targets = (
				A8E2D0932800626E0088CFDD /* TreeOP */,
				A8E2D0A32800626F0088CFDD /* TreeOPTests */,
				A8E2D0AD2800626F0088CFDD /* TreeOPUITests */,
			);
		};
/* End PBXProject section */

/* Begin PBXResourcesBuildPhase section */
		A8E2D0922800626E0088CFDD /* Resources */ = {
			isa = PBXResourcesBuildPhase;
			buildActionMask = 2147483647;
			files = (
				A8E2D09F2800626F0088CFDD /* Preview Assets.xcassets in Resources */,
				A8E2D09C2800626F0088CFDD /* Assets.xcassets in Resources */,
				A8D58E2C2805814A009C3705 /* Localizable.stringsdict in Resources */,
			);
			runOnlyForDeploymentPostprocessing = 0;
		};
		A8E2D0A22800626F0088CFDD /* Resources */ = {
			isa = PBXResourcesBuildPhase;
			buildActionMask = 2147483647;
			files = (
			);
			runOnlyForDeploymentPostprocessing = 0;
		};
		A8E2D0AC2800626F0088CFDD /* Resources */ = {
			isa = PBXResourcesBuildPhase;
			buildActionMask = 2147483647;
			files = (
			);
			runOnlyForDeploymentPostprocessing = 0;
		};
/* End PBXResourcesBuildPhase section */

/* Begin PBXSourcesBuildPhase section */
		A8E2D0902800626E0088CFDD /* Sources */ = {
			isa = PBXSourcesBuildPhase;
			buildActionMask = 2147483647;
			files = (
				A8A2C6002808114000431AFE /* AirQuality.swift in Sources */,
				A8C7F0D628114F80009E87C8 /* Network Generics.swift in Sources */,
				A8F3FF49280809980090B3B5 /* Protocols.swift in Sources */,
				A8E2D0CD28006D270088CFDD /* Constants.swift in Sources */,
				A85AEEB32805A6CE009EB14E /* DetailView.swift in Sources */,
				A8A2C60228085E1B00431AFE /* AirQualityView.swift in Sources */,
				A8E2D0C7280064C40088CFDD /* Tree.swift in Sources */,
				A8F3FF45280807CB0090B3B5 /* InfosViewModel.swift in Sources */,
				A8C7F0D428113FD8009E87C8 /* WeatherView.swift in Sources */,
				A8E2D09A2800626E0088CFDD /* ListView.swift in Sources */,
				A8F3FF4B28080BB50090B3B5 /* Weather.swift in Sources */,
				A8F3FF3C2805CA410090B3B5 /* DetailViewModel.swift in Sources */,
				A86BD2E72809A22800FB3102 /* FavouriteTrees.swift in Sources */,
				A85AEEB52805A74A009EB14E /* View Extensions.swift in Sources */,
				A86BD2E92809B27000FB3102 /* ListItem.swift in Sources */,
				A8E2D0CB280068BC0088CFDD /* ParisOpenDataAPI.swift in Sources */,
				A8F3FF43280807BC0090B3B5 /* InfosView.swift in Sources */,
				A8F3FF47280808EE0090B3B5 /* WeatherAPI.swift in Sources */,
				A8E2D0982800626E0088CFDD /* TreeOPApp.swift in Sources */,
				A8E2D0CF28008A100088CFDD /* ListViewModel.swift in Sources */,
			);
			runOnlyForDeploymentPostprocessing = 0;
		};
		A8E2D0A02800626F0088CFDD /* Sources */ = {
			isa = PBXSourcesBuildPhase;
			buildActionMask = 2147483647;
			files = (
				A8E2D0A92800626F0088CFDD /* TreeOPTests.swift in Sources */,
			);
			runOnlyForDeploymentPostprocessing = 0;
		};
		A8E2D0AA2800626F0088CFDD /* Sources */ = {
			isa = PBXSourcesBuildPhase;
			buildActionMask = 2147483647;
			files = (
				A8E2D0B32800626F0088CFDD /* TreeOPUITests.swift in Sources */,
				A8E2D0B52800626F0088CFDD /* TreeOPUITestsLaunchTests.swift in Sources */,
			);
			runOnlyForDeploymentPostprocessing = 0;
		};
/* End PBXSourcesBuildPhase section */

/* Begin PBXTargetDependency section */
		A8E2D0A62800626F0088CFDD /* PBXTargetDependency */ = {
			isa = PBXTargetDependency;
			target = A8E2D0932800626E0088CFDD /* TreeOP */;
			targetProxy = A8E2D0A52800626F0088CFDD /* PBXContainerItemProxy */;
		};
		A8E2D0B02800626F0088CFDD /* PBXTargetDependency */ = {
			isa = PBXTargetDependency;
			target = A8E2D0932800626E0088CFDD /* TreeOP */;
			targetProxy = A8E2D0AF2800626F0088CFDD /* PBXContainerItemProxy */;
		};
/* End PBXTargetDependency section */

/* Begin PBXVariantGroup section */
		A8D58E2E2805814A009C3705 /* Localizable.stringsdict */ = {
			isa = PBXVariantGroup;
			children = (
				A8D58E2D2805814A009C3705 /* en */,
				A8D58E2F28058163009C3705 /* fr */,
			);
			name = Localizable.stringsdict;
			sourceTree = "<group>";
		};
/* End PBXVariantGroup section */

/* Begin XCBuildConfiguration section */
		A8E2D0B62800626F0088CFDD /* Debug */ = {
			isa = XCBuildConfiguration;
			buildSettings = {
				ALWAYS_SEARCH_USER_PATHS = NO;
				CLANG_ANALYZER_LOCALIZABILITY_NONLOCALIZED = YES;
				CLANG_ANALYZER_NONNULL = YES;
				CLANG_ANALYZER_NUMBER_OBJECT_CONVERSION = YES_AGGRESSIVE;
				CLANG_CXX_LANGUAGE_STANDARD = "gnu++17";
				CLANG_ENABLE_MODULES = YES;
				CLANG_ENABLE_OBJC_ARC = YES;
				CLANG_ENABLE_OBJC_WEAK = YES;
				CLANG_WARN_BLOCK_CAPTURE_AUTORELEASING = YES;
				CLANG_WARN_BOOL_CONVERSION = YES;
				CLANG_WARN_COMMA = YES;
				CLANG_WARN_CONSTANT_CONVERSION = YES;
				CLANG_WARN_DEPRECATED_OBJC_IMPLEMENTATIONS = YES;
				CLANG_WARN_DIRECT_OBJC_ISA_USAGE = YES_ERROR;
				CLANG_WARN_DOCUMENTATION_COMMENTS = YES;
				CLANG_WARN_EMPTY_BODY = YES;
				CLANG_WARN_ENUM_CONVERSION = YES;
				CLANG_WARN_INFINITE_RECURSION = YES;
				CLANG_WARN_INT_CONVERSION = YES;
				CLANG_WARN_NON_LITERAL_NULL_CONVERSION = YES;
				CLANG_WARN_OBJC_IMPLICIT_RETAIN_SELF = YES;
				CLANG_WARN_OBJC_LITERAL_CONVERSION = YES;
				CLANG_WARN_OBJC_ROOT_CLASS = YES_ERROR;
				CLANG_WARN_QUOTED_INCLUDE_IN_FRAMEWORK_HEADER = YES;
				CLANG_WARN_RANGE_LOOP_ANALYSIS = YES;
				CLANG_WARN_STRICT_PROTOTYPES = YES;
				CLANG_WARN_SUSPICIOUS_MOVE = YES;
				CLANG_WARN_UNGUARDED_AVAILABILITY = YES_AGGRESSIVE;
				CLANG_WARN_UNREACHABLE_CODE = YES;
				CLANG_WARN__DUPLICATE_METHOD_MATCH = YES;
				COPY_PHASE_STRIP = NO;
				DEBUG_INFORMATION_FORMAT = dwarf;
				ENABLE_STRICT_OBJC_MSGSEND = YES;
				ENABLE_TESTABILITY = YES;
				GCC_C_LANGUAGE_STANDARD = gnu11;
				GCC_DYNAMIC_NO_PIC = NO;
				GCC_NO_COMMON_BLOCKS = YES;
				GCC_OPTIMIZATION_LEVEL = 0;
				GCC_PREPROCESSOR_DEFINITIONS = (
					"DEBUG=1",
					"$(inherited)",
				);
				GCC_WARN_64_TO_32_BIT_CONVERSION = YES;
				GCC_WARN_ABOUT_RETURN_TYPE = YES_ERROR;
				GCC_WARN_UNDECLARED_SELECTOR = YES;
				GCC_WARN_UNINITIALIZED_AUTOS = YES_AGGRESSIVE;
				GCC_WARN_UNUSED_FUNCTION = YES;
				GCC_WARN_UNUSED_VARIABLE = YES;
				IPHONEOS_DEPLOYMENT_TARGET = 15.4;
				MTL_ENABLE_DEBUG_INFO = INCLUDE_SOURCE;
				MTL_FAST_MATH = YES;
				ONLY_ACTIVE_ARCH = YES;
				SDKROOT = iphoneos;
				SWIFT_ACTIVE_COMPILATION_CONDITIONS = DEBUG;
				SWIFT_OPTIMIZATION_LEVEL = "-Onone";
			};
			name = Debug;
		};
		A8E2D0B72800626F0088CFDD /* Release */ = {
			isa = XCBuildConfiguration;
			buildSettings = {
				ALWAYS_SEARCH_USER_PATHS = NO;
				CLANG_ANALYZER_LOCALIZABILITY_NONLOCALIZED = YES;
				CLANG_ANALYZER_NONNULL = YES;
				CLANG_ANALYZER_NUMBER_OBJECT_CONVERSION = YES_AGGRESSIVE;
				CLANG_CXX_LANGUAGE_STANDARD = "gnu++17";
				CLANG_ENABLE_MODULES = YES;
				CLANG_ENABLE_OBJC_ARC = YES;
				CLANG_ENABLE_OBJC_WEAK = YES;
				CLANG_WARN_BLOCK_CAPTURE_AUTORELEASING = YES;
				CLANG_WARN_BOOL_CONVERSION = YES;
				CLANG_WARN_COMMA = YES;
				CLANG_WARN_CONSTANT_CONVERSION = YES;
				CLANG_WARN_DEPRECATED_OBJC_IMPLEMENTATIONS = YES;
				CLANG_WARN_DIRECT_OBJC_ISA_USAGE = YES_ERROR;
				CLANG_WARN_DOCUMENTATION_COMMENTS = YES;
				CLANG_WARN_EMPTY_BODY = YES;
				CLANG_WARN_ENUM_CONVERSION = YES;
				CLANG_WARN_INFINITE_RECURSION = YES;
				CLANG_WARN_INT_CONVERSION = YES;
				CLANG_WARN_NON_LITERAL_NULL_CONVERSION = YES;
				CLANG_WARN_OBJC_IMPLICIT_RETAIN_SELF = YES;
				CLANG_WARN_OBJC_LITERAL_CONVERSION = YES;
				CLANG_WARN_OBJC_ROOT_CLASS = YES_ERROR;
				CLANG_WARN_QUOTED_INCLUDE_IN_FRAMEWORK_HEADER = YES;
				CLANG_WARN_RANGE_LOOP_ANALYSIS = YES;
				CLANG_WARN_STRICT_PROTOTYPES = YES;
				CLANG_WARN_SUSPICIOUS_MOVE = YES;
				CLANG_WARN_UNGUARDED_AVAILABILITY = YES_AGGRESSIVE;
				CLANG_WARN_UNREACHABLE_CODE = YES;
				CLANG_WARN__DUPLICATE_METHOD_MATCH = YES;
				COPY_PHASE_STRIP = NO;
				DEBUG_INFORMATION_FORMAT = "dwarf-with-dsym";
				ENABLE_NS_ASSERTIONS = NO;
				ENABLE_STRICT_OBJC_MSGSEND = YES;
				GCC_C_LANGUAGE_STANDARD = gnu11;
				GCC_NO_COMMON_BLOCKS = YES;
				GCC_WARN_64_TO_32_BIT_CONVERSION = YES;
				GCC_WARN_ABOUT_RETURN_TYPE = YES_ERROR;
				GCC_WARN_UNDECLARED_SELECTOR = YES;
				GCC_WARN_UNINITIALIZED_AUTOS = YES_AGGRESSIVE;
				GCC_WARN_UNUSED_FUNCTION = YES;
				GCC_WARN_UNUSED_VARIABLE = YES;
				IPHONEOS_DEPLOYMENT_TARGET = 15.4;
				MTL_ENABLE_DEBUG_INFO = NO;
				MTL_FAST_MATH = YES;
				SDKROOT = iphoneos;
				SWIFT_COMPILATION_MODE = wholemodule;
				SWIFT_OPTIMIZATION_LEVEL = "-O";
				VALIDATE_PRODUCT = YES;
			};
			name = Release;
		};
		A8E2D0B92800626F0088CFDD /* Debug */ = {
			isa = XCBuildConfiguration;
			buildSettings = {
				ASSETCATALOG_COMPILER_APPICON_NAME = AppIcon;
				ASSETCATALOG_COMPILER_GLOBAL_ACCENT_COLOR_NAME = AccentColor;
				CODE_SIGN_STYLE = Automatic;
				CURRENT_PROJECT_VERSION = 1;
				DEVELOPMENT_ASSET_PATHS = "\"TreeOP/Preview Content\"";
				ENABLE_PREVIEWS = YES;
				GENERATE_INFOPLIST_FILE = YES;
				INFOPLIST_KEY_UIApplicationSceneManifest_Generation = YES;
				INFOPLIST_KEY_UIApplicationSupportsIndirectInputEvents = YES;
				INFOPLIST_KEY_UILaunchScreen_Generation = YES;
				INFOPLIST_KEY_UISupportedInterfaceOrientations_iPad = "UIInterfaceOrientationPortrait UIInterfaceOrientationPortraitUpsideDown UIInterfaceOrientationLandscapeLeft UIInterfaceOrientationLandscapeRight";
				INFOPLIST_KEY_UISupportedInterfaceOrientations_iPhone = "UIInterfaceOrientationPortrait UIInterfaceOrientationLandscapeLeft UIInterfaceOrientationLandscapeRight";
				LD_RUNPATH_SEARCH_PATHS = (
					"$(inherited)",
					"@executable_path/Frameworks",
				);
				MARKETING_VERSION = 1.0;
				PRODUCT_BUNDLE_IDENTIFIER = com.dylanhamiti.TreeOP;
				PRODUCT_NAME = "$(TARGET_NAME)";
				SWIFT_EMIT_LOC_STRINGS = YES;
				SWIFT_VERSION = 5.0;
				TARGETED_DEVICE_FAMILY = "1,2";
			};
			name = Debug;
		};
		A8E2D0BA2800626F0088CFDD /* Release */ = {
			isa = XCBuildConfiguration;
			buildSettings = {
				ASSETCATALOG_COMPILER_APPICON_NAME = AppIcon;
				ASSETCATALOG_COMPILER_GLOBAL_ACCENT_COLOR_NAME = AccentColor;
				CODE_SIGN_STYLE = Automatic;
				CURRENT_PROJECT_VERSION = 1;
				DEVELOPMENT_ASSET_PATHS = "\"TreeOP/Preview Content\"";
				ENABLE_PREVIEWS = YES;
				GENERATE_INFOPLIST_FILE = YES;
				INFOPLIST_KEY_UIApplicationSceneManifest_Generation = YES;
				INFOPLIST_KEY_UIApplicationSupportsIndirectInputEvents = YES;
				INFOPLIST_KEY_UILaunchScreen_Generation = YES;
				INFOPLIST_KEY_UISupportedInterfaceOrientations_iPad = "UIInterfaceOrientationPortrait UIInterfaceOrientationPortraitUpsideDown UIInterfaceOrientationLandscapeLeft UIInterfaceOrientationLandscapeRight";
				INFOPLIST_KEY_UISupportedInterfaceOrientations_iPhone = "UIInterfaceOrientationPortrait UIInterfaceOrientationLandscapeLeft UIInterfaceOrientationLandscapeRight";
				LD_RUNPATH_SEARCH_PATHS = (
					"$(inherited)",
					"@executable_path/Frameworks",
				);
				MARKETING_VERSION = 1.0;
				PRODUCT_BUNDLE_IDENTIFIER = com.dylanhamiti.TreeOP;
				PRODUCT_NAME = "$(TARGET_NAME)";
				SWIFT_EMIT_LOC_STRINGS = YES;
				SWIFT_VERSION = 5.0;
				TARGETED_DEVICE_FAMILY = "1,2";
			};
			name = Release;
		};
		A8E2D0BC2800626F0088CFDD /* Debug */ = {
			isa = XCBuildConfiguration;
			buildSettings = {
				ALWAYS_EMBED_SWIFT_STANDARD_LIBRARIES = YES;
				BUNDLE_LOADER = "$(TEST_HOST)";
				CODE_SIGN_STYLE = Automatic;
				CURRENT_PROJECT_VERSION = 1;
				GENERATE_INFOPLIST_FILE = YES;
				IPHONEOS_DEPLOYMENT_TARGET = 15.4;
				MARKETING_VERSION = 1.0;
				PRODUCT_BUNDLE_IDENTIFIER = com.dylanhamiti.TreeOPTests;
				PRODUCT_NAME = "$(TARGET_NAME)";
				SWIFT_EMIT_LOC_STRINGS = NO;
				SWIFT_VERSION = 5.0;
				TARGETED_DEVICE_FAMILY = "1,2";
				TEST_HOST = "$(BUILT_PRODUCTS_DIR)/TreeOP.app/TreeOP";
			};
			name = Debug;
		};
		A8E2D0BD2800626F0088CFDD /* Release */ = {
			isa = XCBuildConfiguration;
			buildSettings = {
				ALWAYS_EMBED_SWIFT_STANDARD_LIBRARIES = YES;
				BUNDLE_LOADER = "$(TEST_HOST)";
				CODE_SIGN_STYLE = Automatic;
				CURRENT_PROJECT_VERSION = 1;
				GENERATE_INFOPLIST_FILE = YES;
				IPHONEOS_DEPLOYMENT_TARGET = 15.4;
				MARKETING_VERSION = 1.0;
				PRODUCT_BUNDLE_IDENTIFIER = com.dylanhamiti.TreeOPTests;
				PRODUCT_NAME = "$(TARGET_NAME)";
				SWIFT_EMIT_LOC_STRINGS = NO;
				SWIFT_VERSION = 5.0;
				TARGETED_DEVICE_FAMILY = "1,2";
				TEST_HOST = "$(BUILT_PRODUCTS_DIR)/TreeOP.app/TreeOP";
			};
			name = Release;
		};
		A8E2D0BF2800626F0088CFDD /* Debug */ = {
			isa = XCBuildConfiguration;
			buildSettings = {
				ALWAYS_EMBED_SWIFT_STANDARD_LIBRARIES = YES;
				CODE_SIGN_STYLE = Automatic;
				CURRENT_PROJECT_VERSION = 1;
				GENERATE_INFOPLIST_FILE = YES;
				MARKETING_VERSION = 1.0;
				PRODUCT_BUNDLE_IDENTIFIER = com.dylanhamiti.TreeOPUITests;
				PRODUCT_NAME = "$(TARGET_NAME)";
				SWIFT_EMIT_LOC_STRINGS = NO;
				SWIFT_VERSION = 5.0;
				TARGETED_DEVICE_FAMILY = "1,2";
				TEST_TARGET_NAME = TreeOP;
			};
			name = Debug;
		};
		A8E2D0C02800626F0088CFDD /* Release */ = {
			isa = XCBuildConfiguration;
			buildSettings = {
				ALWAYS_EMBED_SWIFT_STANDARD_LIBRARIES = YES;
				CODE_SIGN_STYLE = Automatic;
				CURRENT_PROJECT_VERSION = 1;
				GENERATE_INFOPLIST_FILE = YES;
				MARKETING_VERSION = 1.0;
				PRODUCT_BUNDLE_IDENTIFIER = com.dylanhamiti.TreeOPUITests;
				PRODUCT_NAME = "$(TARGET_NAME)";
				SWIFT_EMIT_LOC_STRINGS = NO;
				SWIFT_VERSION = 5.0;
				TARGETED_DEVICE_FAMILY = "1,2";
				TEST_TARGET_NAME = TreeOP;
			};
			name = Release;
		};
/* End XCBuildConfiguration section */

/* Begin XCConfigurationList section */
		A8E2D08F2800626D0088CFDD /* Build configuration list for PBXProject "TreeOP" */ = {
			isa = XCConfigurationList;
			buildConfigurations = (
				A8E2D0B62800626F0088CFDD /* Debug */,
				A8E2D0B72800626F0088CFDD /* Release */,
			);
			defaultConfigurationIsVisible = 0;
			defaultConfigurationName = Release;
		};
		A8E2D0B82800626F0088CFDD /* Build configuration list for PBXNativeTarget "TreeOP" */ = {
			isa = XCConfigurationList;
			buildConfigurations = (
				A8E2D0B92800626F0088CFDD /* Debug */,
				A8E2D0BA2800626F0088CFDD /* Release */,
			);
			defaultConfigurationIsVisible = 0;
			defaultConfigurationName = Release;
		};
		A8E2D0BB2800626F0088CFDD /* Build configuration list for PBXNativeTarget "TreeOPTests" */ = {
			isa = XCConfigurationList;
			buildConfigurations = (
				A8E2D0BC2800626F0088CFDD /* Debug */,
				A8E2D0BD2800626F0088CFDD /* Release */,
			);
			defaultConfigurationIsVisible = 0;
			defaultConfigurationName = Release;
		};
		A8E2D0BE2800626F0088CFDD /* Build configuration list for PBXNativeTarget "TreeOPUITests" */ = {
			isa = XCConfigurationList;
			buildConfigurations = (
				A8E2D0BF2800626F0088CFDD /* Debug */,
				A8E2D0C02800626F0088CFDD /* Release */,
			);
			defaultConfigurationIsVisible = 0;
			defaultConfigurationName = Release;
		};
/* End XCConfigurationList section */
	};
	rootObject = A8E2D08C2800626D0088CFDD /* Project object */;
}
